
Microsoft Visual Studio Solution File, Format Version 12.00
# Visual Studio Version 16
VisualStudioVersion = 16.0.30204.135
MinimumVisualStudioVersion = 10.0.40219.1
Project("{FAE04EC0-301F-11D3-BF4B-00C04F79EFBC}") = "NewSurvey", "NewSurvey.csproj", "{39C55DD3-8563-4A71-97D6-A618B40DD718}"
EndProject
Global
	GlobalSection(SolutionConfigurationPlatforms) = preSolution
		Debug|Any CPU = Debug|Any CPU
		Release|Any CPU = Release|Any CPU
	EndGlobalSection
	GlobalSection(ProjectConfigurationPlatforms) = postSolution
		{39C55DD3-8563-4A71-97D6-A618B40DD718}.Debug|Any CPU.ActiveCfg = Debug|Any CPU
		{39C55DD3-8563-4A71-97D6-A618B40DD718}.Debug|Any CPU.Build.0 = Debug|Any CPU
		{39C55DD3-8563-4A71-97D6-A618B40DD718}.Release|Any CPU.ActiveCfg = Release|Any CPU
		{39C55DD3-8563-4A71-97D6-A618B40DD718}.Release|Any CPU.Build.0 = Release|Any CPU
	EndGlobalSection
	GlobalSection(SolutionProperties) = preSolution
		HideSolutionNode = FALSE
	EndGlobalSection
	GlobalSection(ExtensibilityGlobals) = postSolution
		SolutionGuid = {AAFB2692-4683-414E-9971-F391DFF415A4}
	EndGlobalSection
	GlobalSection(TeamFoundationVersionControl) = preSolution
		SccNumberOfProjects = 2
		SccEnterpriseProvider = {4CA58AB2-18FA-4F8D-95D4-32DDF27D184C}
		SccTeamFoundationServer = http://172.16.82.120:8080/tfs/projects.new
		SccProjectUniqueName0 = NewSurvey.csproj
		SccLocalPath0 = .
		SccLocalPath1 = .
	EndGlobalSection
EndGlobal
